
Microsoft Visual Studio Solution File, Format Version 12.00
# Visual Studio 14
VisualStudioVersion = 14.0.25123.0
MinimumVisualStudioVersion = 10.0.40219.1
Project("{FAE04EC0-301F-11D3-BF4B-00C04F79EFBC}") = "Payment", "Payment\Payment.csproj", "{501C89C4-4B2F-4922-B3BF-3CD7A8A2BDCD}"
EndProject
Project("{FAE04EC0-301F-11D3-BF4B-00C04F79EFBC}") = "AccountService", "AccountService\AccountService.csproj", "{010C80C3-C2F3-4E4E-A4D8-9DE8483C93F6}"
EndProject
Project("{FAE04EC0-301F-11D3-BF4B-00C04F79EFBC}") = "TestDrivingAlgorithms", "TestDrivingAlgorithms\TestDrivingAlgorithms.csproj", "{2E099CE0-620D-4156-8378-AA69D423D616}"
EndProject
Global
	GlobalSection(SolutionConfigurationPlatforms) = preSolution
		Debug|Any CPU = Debug|Any CPU
		Release|Any CPU = Release|Any CPU
	EndGlobalSection
	GlobalSection(ProjectConfigurationPlatforms) = postSolution
		{501C89C4-4B2F-4922-B3BF-3CD7A8A2BDCD}.Debug|Any CPU.ActiveCfg = Debug|Any CPU
		{501C89C4-4B2F-4922-B3BF-3CD7A8A2BDCD}.Debug|Any CPU.Build.0 = Debug|Any CPU
		{501C89C4-4B2F-4922-B3BF-3CD7A8A2BDCD}.Release|Any CPU.ActiveCfg = Release|Any CPU
		{501C89C4-4B2F-4922-B3BF-3CD7A8A2BDCD}.Release|Any CPU.Build.0 = Release|Any CPU
		{010C80C3-C2F3-4E4E-A4D8-9DE8483C93F6}.Debug|Any CPU.ActiveCfg = Debug|Any CPU
		{010C80C3-C2F3-4E4E-A4D8-9DE8483C93F6}.Debug|Any CPU.Build.0 = Debug|Any CPU
		{010C80C3-C2F3-4E4E-A4D8-9DE8483C93F6}.Release|Any CPU.ActiveCfg = Release|Any CPU
		{010C80C3-C2F3-4E4E-A4D8-9DE8483C93F6}.Release|Any CPU.Build.0 = Release|Any CPU
		{2E099CE0-620D-4156-8378-AA69D423D616}.Debug|Any CPU.ActiveCfg = Debug|Any CPU
		{2E099CE0-620D-4156-8378-AA69D423D616}.Debug|Any CPU.Build.0 = Debug|Any CPU
		{2E099CE0-620D-4156-8378-AA69D423D616}.Release|Any CPU.ActiveCfg = Release|Any CPU
		{2E099CE0-620D-4156-8378-AA69D423D616}.Release|Any CPU.Build.0 = Release|Any CPU
	EndGlobalSection
	GlobalSection(SolutionProperties) = preSolution
		HideSolutionNode = FALSE
	EndGlobalSection
EndGlobal
